Microsoft Visual Studio Solution File, Format Version 11.00
# Visual Studio 2008

Project("{632B6DDC-A436-B489-F83E-F929DD7CF762}") = "Flap Away", "Assembly-CSharp-firstpass.csproj", "{3F714E13-E8F5-A237-1623-87D754F758CB}"
EndProject
Project("{632B6DDC-A436-B489-F83E-F929DD7CF762}") = "Flap Away", "Assembly-CSharp.csproj", "{52F364B8-5DF0-8F30-7C0A-E699DE83B61E}"
EndProject
Project("{632B6DDC-A436-B489-F83E-F929DD7CF762}") = "Flap Away", "Assembly-UnityScript-firstpass.unityproj", "{7A3DE7C6-0812-FEB9-459C-F7F856266F6F}"
EndProject
Project("{632B6DDC-A436-B489-F83E-F929DD7CF762}") = "Flap Away", "Assembly-UnityScript.unityproj", "{BA20EA5A-C992-3723-C8E6-4C731E6CBC91}"
EndProject
Global
	GlobalSection(SolutionConfigurationPlatforms) = preSolution
		Debug|Any CPU = Debug|Any CPU
		Release|Any CPU = Release|Any CPU
	EndGlobalSection
	GlobalSection(ProjectConfigurationPlatforms) = postSolution
		{3F714E13-E8F5-A237-1623-87D754F758CB}.Debug|Any CPU.ActiveCfg = Debug|Any CPU
		{3F714E13-E8F5-A237-1623-87D754F758CB}.Debug|Any CPU.Build.0 = Debug|Any CPU
		{3F714E13-E8F5-A237-1623-87D754F758CB}.Release|Any CPU.ActiveCfg = Release|Any CPU
		{3F714E13-E8F5-A237-1623-87D754F758CB}.Release|Any CPU.Build.0 = Release|Any CPU
		{52F364B8-5DF0-8F30-7C0A-E699DE83B61E}.Debug|Any CPU.ActiveCfg = Debug|Any CPU
		{52F364B8-5DF0-8F30-7C0A-E699DE83B61E}.Debug|Any CPU.Build.0 = Debug|Any CPU
		{52F364B8-5DF0-8F30-7C0A-E699DE83B61E}.Release|Any CPU.ActiveCfg = Release|Any CPU
		{52F364B8-5DF0-8F30-7C0A-E699DE83B61E}.Release|Any CPU.Build.0 = Release|Any CPU
		{7A3DE7C6-0812-FEB9-459C-F7F856266F6F}.Debug|Any CPU.ActiveCfg = Debug|Any CPU
		{7A3DE7C6-0812-FEB9-459C-F7F856266F6F}.Debug|Any CPU.Build.0 = Debug|Any CPU
		{7A3DE7C6-0812-FEB9-459C-F7F856266F6F}.Release|Any CPU.ActiveCfg = Release|Any CPU
		{7A3DE7C6-0812-FEB9-459C-F7F856266F6F}.Release|Any CPU.Build.0 = Release|Any CPU
		{BA20EA5A-C992-3723-C8E6-4C731E6CBC91}.Debug|Any CPU.ActiveCfg = Debug|Any CPU
		{BA20EA5A-C992-3723-C8E6-4C731E6CBC91}.Debug|Any CPU.Build.0 = Debug|Any CPU
		{BA20EA5A-C992-3723-C8E6-4C731E6CBC91}.Release|Any CPU.ActiveCfg = Release|Any CPU
		{BA20EA5A-C992-3723-C8E6-4C731E6CBC91}.Release|Any CPU.Build.0 = Release|Any CPU
	EndGlobalSection
	GlobalSection(SolutionProperties) = preSolution
		HideSolutionNode = FALSE
	EndGlobalSection
																																																							GlobalSection(MonoDevelopProperties) = preSolution
		StartupItem = Assembly-CSharp.csproj
		Policies = $0
		$0.TextStylePolicy = $1
		$1.inheritsSet = null
		$1.scope = text/x-csharp
		$0.CSharpFormattingPolicy = $2
		$2.inheritsSet = Mono
		$2.inheritsScope = text/x-csharp
		$2.scope = text/x-csharp
		$0.TextStylePolicy = $3
		$3.FileWidth = 120
		$3.TabWidth = 4
		$3.IndentWidth = 4
		$3.EolMarker = Unix
		$3.inheritsSet = Mono
		$3.inheritsScope = text/plain
		$3.scope = text/plain
	EndGlobalSection

EndGlobal
